
Microsoft Visual Studio Solution File, Format Version 12.00
# Visual Studio Version 17
VisualStudioVersion = 17.8.34330.188
MinimumVisualStudioVersion = 10.0.40219.1
Project("{2150E333-8FDC-42A3-9474-1A3956D46DE8}") = "Framework4.8", "Framework4.8", "{64CECD61-A08A-473E-B315-E0E4DF7134F5}"
EndProject
Project("{FAE04EC0-301F-11D3-BF4B-00C04F79EFBC}") = "NVP_Libs.Revit", "Framework4.8\NVP_Libs.Revit\NVP_Libs.Revit.csproj", "{0561DF75-E3DC-4120-9A58-1B7F6BEB91E6}"
EndProject
Project("{FAE04EC0-301F-11D3-BF4B-00C04F79EFBC}") = "NVP_Libs..Nanocad", "Framework4.8\NVP_Libs.Nanocad\NVP_Libs..Nanocad.csproj", "{8CA2F9A0-F250-4B67-8143-8FF16A28E09F}"
EndProject
Project("{2150E333-8FDC-42A3-9474-1A3956D46DE8}") = "ready_build", "ready_build", "{A0B29206-80CC-47FB-BAE1-8777210106EE}"
EndProject
Global
	GlobalSection(SolutionConfigurationPlatforms) = preSolution
		Debug|Any CPU = Debug|Any CPU
		Release|Any CPU = Release|Any CPU
	EndGlobalSection
	GlobalSection(ProjectConfigurationPlatforms) = postSolution
		{0561DF75-E3DC-4120-9A58-1B7F6BEB91E6}.Debug|Any CPU.ActiveCfg = Debug|Any CPU
		{0561DF75-E3DC-4120-9A58-1B7F6BEB91E6}.Debug|Any CPU.Build.0 = Debug|Any CPU
		{0561DF75-E3DC-4120-9A58-1B7F6BEB91E6}.Release|Any CPU.ActiveCfg = Release|Any CPU
		{0561DF75-E3DC-4120-9A58-1B7F6BEB91E6}.Release|Any CPU.Build.0 = Release|Any CPU
		{8CA2F9A0-F250-4B67-8143-8FF16A28E09F}.Debug|Any CPU.ActiveCfg = Debug|Any CPU
		{8CA2F9A0-F250-4B67-8143-8FF16A28E09F}.Debug|Any CPU.Build.0 = Debug|Any CPU
		{8CA2F9A0-F250-4B67-8143-8FF16A28E09F}.Release|Any CPU.ActiveCfg = Release|Any CPU
		{8CA2F9A0-F250-4B67-8143-8FF16A28E09F}.Release|Any CPU.Build.0 = Release|Any CPU
	EndGlobalSection
	GlobalSection(SolutionProperties) = preSolution
		HideSolutionNode = FALSE
	EndGlobalSection
	GlobalSection(NestedProjects) = preSolution
		{0561DF75-E3DC-4120-9A58-1B7F6BEB91E6} = {64CECD61-A08A-473E-B315-E0E4DF7134F5}
		{8CA2F9A0-F250-4B67-8143-8FF16A28E09F} = {64CECD61-A08A-473E-B315-E0E4DF7134F5}
		{A0B29206-80CC-47FB-BAE1-8777210106EE} = {64CECD61-A08A-473E-B315-E0E4DF7134F5}
	EndGlobalSection
	GlobalSection(ExtensibilityGlobals) = postSolution
		SolutionGuid = {659C2C19-1E92-4F4D-8BAF-CF56B9A10A2D}
	EndGlobalSection
EndGlobal
